
Microsoft Visual Studio Solution File, Format Version 12.00
# Visual Studio Version 17
VisualStudioVersion = 17.9.34622.214
MinimumVisualStudioVersion = 10.0.40219.1
Project("{FAE04EC0-301F-11D3-BF4B-00C04F79EFBC}") = "ChronoTrack.API", "ChronoTrack.API.csproj", "{FB2BBB11-7DDF-4494-8599-97C7E87345F4}"
EndProject
Project("{FAE04EC0-301F-11D3-BF4B-00C04F79EFBC}") = "ChronoTrack.Repository", "..\ChronoTrack.Repository\ChronoTrack.Repository.csproj", "{6DF53D8D-EB2C-4501-8A59-497F7B16A0AA}"
EndProject
Project("{FAE04EC0-301F-11D3-BF4B-00C04F79EFBC}") = "ChronoTrack.Service", "..\ChronoTrack.Service\ChronoTrack.Service.csproj", "{3DD295BD-EBC4-4EBB-93C0-3689643D4AA5}"
EndProject
Project("{FAE04EC0-301F-11D3-BF4B-00C04F79EFBC}") = "ChronoTrack.Model", "..\ChronoTrack.Model\ChronoTrack.Model.csproj", "{E550350D-446D-4A46-A8C0-0B6D86E1F190}"
EndProject
Global
	GlobalSection(SolutionConfigurationPlatforms) = preSolution
		Debug|Any CPU = Debug|Any CPU
		Release|Any CPU = Release|Any CPU
	EndGlobalSection
	GlobalSection(ProjectConfigurationPlatforms) = postSolution
		{FB2BBB11-7DDF-4494-8599-97C7E87345F4}.Debug|Any CPU.ActiveCfg = Debug|Any CPU
		{FB2BBB11-7DDF-4494-8599-97C7E87345F4}.Debug|Any CPU.Build.0 = Debug|Any CPU
		{FB2BBB11-7DDF-4494-8599-97C7E87345F4}.Release|Any CPU.ActiveCfg = Release|Any CPU
		{FB2BBB11-7DDF-4494-8599-97C7E87345F4}.Release|Any CPU.Build.0 = Release|Any CPU
		{6DF53D8D-EB2C-4501-8A59-497F7B16A0AA}.Debug|Any CPU.ActiveCfg = Debug|Any CPU
		{6DF53D8D-EB2C-4501-8A59-497F7B16A0AA}.Debug|Any CPU.Build.0 = Debug|Any CPU
		{6DF53D8D-EB2C-4501-8A59-497F7B16A0AA}.Release|Any CPU.ActiveCfg = Release|Any CPU
		{6DF53D8D-EB2C-4501-8A59-497F7B16A0AA}.Release|Any CPU.Build.0 = Release|Any CPU
		{3DD295BD-EBC4-4EBB-93C0-3689643D4AA5}.Debug|Any CPU.ActiveCfg = Debug|Any CPU
		{3DD295BD-EBC4-4EBB-93C0-3689643D4AA5}.Debug|Any CPU.Build.0 = Debug|Any CPU
		{3DD295BD-EBC4-4EBB-93C0-3689643D4AA5}.Release|Any CPU.ActiveCfg = Release|Any CPU
		{3DD295BD-EBC4-4EBB-93C0-3689643D4AA5}.Release|Any CPU.Build.0 = Release|Any CPU
		{E550350D-446D-4A46-A8C0-0B6D86E1F190}.Debug|Any CPU.ActiveCfg = Debug|Any CPU
		{E550350D-446D-4A46-A8C0-0B6D86E1F190}.Debug|Any CPU.Build.0 = Debug|Any CPU
		{E550350D-446D-4A46-A8C0-0B6D86E1F190}.Release|Any CPU.ActiveCfg = Release|Any CPU
		{E550350D-446D-4A46-A8C0-0B6D86E1F190}.Release|Any CPU.Build.0 = Release|Any CPU
	EndGlobalSection
	GlobalSection(SolutionProperties) = preSolution
		HideSolutionNode = FALSE
	EndGlobalSection
	GlobalSection(ExtensibilityGlobals) = postSolution
		SolutionGuid = {1510677E-7C43-4985-AD5A-B019FB37DC49}
	EndGlobalSection
EndGlobal
